// !$*UTF8*$!
{
	archiveVersion = 1;
	classes = {
	};
	objectVersion = 56;
	objects = {

/* Begin PBXBuildFile section */
		6A9754942CD0A6DA0046193F /* BaseSwiftUIApp.swift in Sources */ = {isa = PBXBuildFile; fileRef = 6A9754932CD0A6DA0046193F /* BaseSwiftUIApp.swift */; };
		6A9754962CD0A6DA0046193F /* ContentView.swift in Sources */ = {isa = PBXBuildFile; fileRef = 6A9754952CD0A6DA0046193F /* ContentView.swift */; };
		6A9754982CD0A6DB0046193F /* Assets.xcassets in Resources */ = {isa = PBXBuildFile; fileRef = 6A9754972CD0A6DB0046193F /* Assets.xcassets */; };
		6A97549B2CD0A6DB0046193F /* Preview Assets.xcassets in Resources */ = {isa = PBXBuildFile; fileRef = 6A97549A2CD0A6DB0046193F /* Preview Assets.xcassets */; };
		6A9754A52CD0A6DB0046193F /* BaseSwiftUITests.swift in Sources */ = {isa = PBXBuildFile; fileRef = 6A9754A42CD0A6DB0046193F /* BaseSwiftUITests.swift */; };
		6A9754AF2CD0A6DB0046193F /* BaseSwiftUIUITests.swift in Sources */ = {isa = PBXBuildFile; fileRef = 6A9754AE2CD0A6DB0046193F /* BaseSwiftUIUITests.swift */; };
		6A9754B12CD0A6DB0046193F /* BaseSwiftUIUITestsLaunchTests.swift in Sources */ = {isa = PBXBuildFile; fileRef = 6A9754B02CD0A6DB0046193F /* BaseSwiftUIUITestsLaunchTests.swift */; };
/* End PBXBuildFile section */

/* Begin PBXContainerItemProxy section */
		6A9754A12CD0A6DB0046193F /* PBXContainerItemProxy */ = {
			isa = PBXContainerItemProxy;
			containerPortal = 6A9754882CD0A6DA0046193F /* Project object */;
			proxyType = 1;
			remoteGlobalIDString = 6A97548F2CD0A6DA0046193F;
			remoteInfo = BaseSwiftUI;
		};
		6A9754AB2CD0A6DB0046193F /* PBXContainerItemProxy */ = {
			isa = PBXContainerItemProxy;
			containerPortal = 6A9754882CD0A6DA0046193F /* Project object */;
			proxyType = 1;
			remoteGlobalIDString = 6A97548F2CD0A6DA0046193F;
			remoteInfo = BaseSwiftUI;
		};
/* End PBXContainerItemProxy section */

/* Begin PBXFileReference section */
		6A9754902CD0A6DA0046193F /* BaseSwiftUI.app */ = {isa = PBXFileReference; explicitFileType = wrapper.application; includeInIndex = 0; path = BaseSwiftUI.app; sourceTree = BUILT_PRODUCTS_DIR; };
		6A9754932CD0A6DA0046193F /* BaseSwiftUIApp.swift */ = {isa = PBXFileReference; lastKnownFileType = sourcecode.swift; path = BaseSwiftUIApp.swift; sourceTree = "<group>"; };
		6A9754952CD0A6DA0046193F /* ContentView.swift */ = {isa = PBXFileReference; lastKnownFileType = sourcecode.swift; path = ContentView.swift; sourceTree = "<group>"; };
		6A9754972CD0A6DB0046193F /* Assets.xcassets */ = {isa = PBXFileReference; lastKnownFileType = folder.assetcatalog; path = Assets.xcassets; sourceTree = "<group>"; };
		6A97549A2CD0A6DB0046193F /* Preview Assets.xcassets */ = {isa = PBXFileReference; lastKnownFileType = folder.assetcatalog; path = "Preview Assets.xcassets"; sourceTree = "<group>"; };
		6A9754A02CD0A6DB0046193F /* BaseSwiftUITests.xctest */ = {isa = PBXFileReference; explicitFileType = wrapper.cfbundle; includeInIndex = 0; path = BaseSwiftUITests.xctest; sourceTree = BUILT_PRODUCTS_DIR; };
		6A9754A42CD0A6DB0046193F /* BaseSwiftUITests.swift */ = {isa = PBXFileReference; lastKnownFileType = sourcecode.swift; path = BaseSwiftUITests.swift; sourceTree = "<group>"; };
		6A9754AA2CD0A6DB0046193F /* BaseSwiftUIUITests.xctest */ = {isa = PBXFileReference; explicitFileType = wrapper.cfbundle; includeInIndex = 0; path = BaseSwiftUIUITests.xctest; sourceTree = BUILT_PRODUCTS_DIR; };
		6A9754AE2CD0A6DB0046193F /* BaseSwiftUIUITests.swift */ = {isa = PBXFileReference; lastKnownFileType = sourcecode.swift; path = BaseSwiftUIUITests.swift; sourceTree = "<group>"; };
		6A9754B02CD0A6DB0046193F /* BaseSwiftUIUITestsLaunchTests.swift */ = {isa = PBXFileReference; lastKnownFileType = sourcecode.swift; path = BaseSwiftUIUITestsLaunchTests.swift; sourceTree = "<group>"; };
/* End PBXFileReference section */

/* Begin PBXFrameworksBuildPhase section */
		6A97548D2CD0A6DA0046193F /* Frameworks */ = {
			isa = PBXFrameworksBuildPhase;
			buildActionMask = 2147483647;
			files = (
			);
			runOnlyForDeploymentPostprocessing = 0;
		};
		6A97549D2CD0A6DB0046193F /* Frameworks */ = {
			isa = PBXFrameworksBuildPhase;
			buildActionMask = 2147483647;
			files = (
			);
			runOnlyForDeploymentPostprocessing = 0;
		};
		6A9754A72CD0A6DB0046193F /* Frameworks */ = {
			isa = PBXFrameworksBuildPhase;
			buildActionMask = 2147483647;
			files = (
			);
			runOnlyForDeploymentPostprocessing = 0;
		};
/* End PBXFrameworksBuildPhase section */

/* Begin PBXGroup section */
		6A9754872CD0A6DA0046193F = {
			isa = PBXGroup;
			children = (
				6A9754922CD0A6DA0046193F /* BaseSwiftUI */,
				6A9754A32CD0A6DB0046193F /* BaseSwiftUITests */,
				6A9754AD2CD0A6DB0046193F /* BaseSwiftUIUITests */,
				6A9754912CD0A6DA0046193F /* Products */,
			);
			sourceTree = "<group>";
		};
		6A9754912CD0A6DA0046193F /* Products */ = {
			isa = PBXGroup;
			children = (
				6A9754902CD0A6DA0046193F /* BaseSwiftUI.app */,
				6A9754A02CD0A6DB0046193F /* BaseSwiftUITests.xctest */,
				6A9754AA2CD0A6DB0046193F /* BaseSwiftUIUITests.xctest */,
			);
			name = Products;
			sourceTree = "<group>";
		};
		6A9754922CD0A6DA0046193F /* BaseSwiftUI */ = {
			isa = PBXGroup;
			children = (
				6A9754932CD0A6DA0046193F /* BaseSwiftUIApp.swift */,
				6A9754952CD0A6DA0046193F /* ContentView.swift */,
				6A9754972CD0A6DB0046193F /* Assets.xcassets */,
				6A9754992CD0A6DB0046193F /* Preview Content */,
			);
			path = BaseSwiftUI;
			sourceTree = "<group>";
		};
		6A9754992CD0A6DB0046193F /* Preview Content */ = {
			isa = PBXGroup;
			children = (
				6A97549A2CD0A6DB0046193F /* Preview Assets.xcassets */,
			);
			path = "Preview Content";
			sourceTree = "<group>";
		};
		6A9754A32CD0A6DB0046193F /* BaseSwiftUITests */ = {
			isa = PBXGroup;
			children = (
				6A9754A42CD0A6DB0046193F /* BaseSwiftUITests.swift */,
			);
			path = BaseSwiftUITests;
			sourceTree = "<group>";
		};
		6A9754AD2CD0A6DB0046193F /* BaseSwiftUIUITests */ = {
			isa = PBXGroup;
			children = (
				6A9754AE2CD0A6DB0046193F /* BaseSwiftUIUITests.swift */,
				6A9754B02CD0A6DB0046193F /* BaseSwiftUIUITestsLaunchTests.swift */,
			);
			path = BaseSwiftUIUITests;
			sourceTree = "<group>";
		};
/* End PBXGroup section */

/* Begin PBXNativeTarget section */
		6A97548F2CD0A6DA0046193F /* BaseSwiftUI */ = {
			isa = PBXNativeTarget;
			buildConfigurationList = 6A9754B42CD0A6DB0046193F /* Build configuration list for PBXNativeTarget "BaseSwiftUI" */;
			buildPhases = (
				6A97548C2CD0A6DA0046193F /* Sources */,
				6A97548D2CD0A6DA0046193F /* Frameworks */,
				6A97548E2CD0A6DA0046193F /* Resources */,
			);
			buildRules = (
			);
			dependencies = (
			);
			name = BaseSwiftUI;
			productName = BaseSwiftUI;
			productReference = 6A9754902CD0A6DA0046193F /* BaseSwiftUI.app */;
			productType = "com.apple.product-type.application";
		};
		6A97549F2CD0A6DB0046193F /* BaseSwiftUITests */ = {
			isa = PBXNativeTarget;
			buildConfigurationList = 6A9754B72CD0A6DB0046193F /* Build configuration list for PBXNativeTarget "BaseSwiftUITests" */;
			buildPhases = (
				6A97549C2CD0A6DB0046193F /* Sources */,
				6A97549D2CD0A6DB0046193F /* Frameworks */,
				6A97549E2CD0A6DB0046193F /* Resources */,
			);
			buildRules = (
			);
			dependencies = (
				6A9754A22CD0A6DB0046193F /* PBXTargetDependency */,
			);
			name = BaseSwiftUITests;
			productName = BaseSwiftUITests;
			productReference = 6A9754A02CD0A6DB0046193F /* BaseSwiftUITests.xctest */;
			productType = "com.apple.product-type.bundle.unit-test";
		};
		6A9754A92CD0A6DB0046193F /* BaseSwiftUIUITests */ = {
			isa = PBXNativeTarget;
			buildConfigurationList = 6A9754BA2CD0A6DB0046193F /* Build configuration list for PBXNativeTarget "BaseSwiftUIUITests" */;
			buildPhases = (
				6A9754A62CD0A6DB0046193F /* Sources */,
				6A9754A72CD0A6DB0046193F /* Frameworks */,
				6A9754A82CD0A6DB0046193F /* Resources */,
			);
			buildRules = (
			);
			dependencies = (
				6A9754AC2CD0A6DB0046193F /* PBXTargetDependency */,
			);
			name = BaseSwiftUIUITests;
			productName = BaseSwiftUIUITests;
			productReference = 6A9754AA2CD0A6DB0046193F /* BaseSwiftUIUITests.xctest */;
			productType = "com.apple.product-type.bundle.ui-testing";
		};
/* End PBXNativeTarget section */

/* Begin PBXProject section */
		6A9754882CD0A6DA0046193F /* Project object */ = {
			isa = PBXProject;
			attributes = {
				BuildIndependentTargetsInParallel = 1;
				LastSwiftUpdateCheck = 1500;
				LastUpgradeCheck = 1500;
				TargetAttributes = {
					6A97548F2CD0A6DA0046193F = {
						CreatedOnToolsVersion = 15.0.1;
					};
					6A97549F2CD0A6DB0046193F = {
						CreatedOnToolsVersion = 15.0.1;
						TestTargetID = 6A97548F2CD0A6DA0046193F;
					};
					6A9754A92CD0A6DB0046193F = {
						CreatedOnToolsVersion = 15.0.1;
						TestTargetID = 6A97548F2CD0A6DA0046193F;
					};
				};
			};
			buildConfigurationList = 6A97548B2CD0A6DA0046193F /* Build configuration list for PBXProject "BaseSwiftUI" */;
			compatibilityVersion = "Xcode 14.0";
			developmentRegion = en;
			hasScannedForEncodings = 0;
			knownRegions = (
				en,
				Base,
			);
			mainGroup = 6A9754872CD0A6DA0046193F;
			productRefGroup = 6A9754912CD0A6DA0046193F /* Products */;
			projectDirPath = "";
			projectRoot = "";
			targets = (
				6A97548F2CD0A6DA0046193F /* BaseSwiftUI */,
				6A97549F2CD0A6DB0046193F /* BaseSwiftUITests */,
				6A9754A92CD0A6DB0046193F /* BaseSwiftUIUITests */,
			);
		};
/* End PBXProject section */

/* Begin PBXResourcesBuildPhase section */
		6A97548E2CD0A6DA0046193F /* Resources */ = {
			isa = PBXResourcesBuildPhase;
			buildActionMask = 2147483647;
			files = (
				6A97549B2CD0A6DB0046193F /* Preview Assets.xcassets in Resources */,
				6A9754982CD0A6DB0046193F /* Assets.xcassets in Resources */,
			);
			runOnlyForDeploymentPostprocessing = 0;
		};
		6A97549E2CD0A6DB0046193F /* Resources */ = {
			isa = PBXResourcesBuildPhase;
			buildActionMask = 2147483647;
			files = (
			);
			runOnlyForDeploymentPostprocessing = 0;
		};
		6A9754A82CD0A6DB0046193F /* Resources */ = {
			isa = PBXResourcesBuildPhase;
			buildActionMask = 2147483647;
			files = (
			);
			runOnlyForDeploymentPostprocessing = 0;
		};
/* End PBXResourcesBuildPhase section */

/* Begin PBXSourcesBuildPhase section */
		6A97548C2CD0A6DA0046193F /* Sources */ = {
			isa = PBXSourcesBuildPhase;
			buildActionMask = 2147483647;
			files = (
				6A9754962CD0A6DA0046193F /* ContentView.swift in Sources */,
				6A9754942CD0A6DA0046193F /* BaseSwiftUIApp.swift in Sources */,
			);
			runOnlyForDeploymentPostprocessing = 0;
		};
		6A97549C2CD0A6DB0046193F /* Sources */ = {
			isa = PBXSourcesBuildPhase;
			buildActionMask = 2147483647;
			files = (
				6A9754A52CD0A6DB0046193F /* BaseSwiftUITests.swift in Sources */,
			);
			runOnlyForDeploymentPostprocessing = 0;
		};
		6A9754A62CD0A6DB0046193F /* Sources */ = {
			isa = PBXSourcesBuildPhase;
			buildActionMask = 2147483647;
			files = (
				6A9754AF2CD0A6DB0046193F /* BaseSwiftUIUITests.swift in Sources */,
				6A9754B12CD0A6DB0046193F /* BaseSwiftUIUITestsLaunchTests.swift in Sources */,
			);
			runOnlyForDeploymentPostprocessing = 0;
		};
/* End PBXSourcesBuildPhase section */

/* Begin PBXTargetDependency section */
		6A9754A22CD0A6DB0046193F /* PBXTargetDependency */ = {
			isa = PBXTargetDependency;
			target = 6A97548F2CD0A6DA0046193F /* BaseSwiftUI */;
			targetProxy = 6A9754A12CD0A6DB0046193F /* PBXContainerItemProxy */;
		};
		6A9754AC2CD0A6DB0046193F /* PBXTargetDependency */ = {
			isa = PBXTargetDependency;
			target = 6A97548F2CD0A6DA0046193F /* BaseSwiftUI */;
			targetProxy = 6A9754AB2CD0A6DB0046193F /* PBXContainerItemProxy */;
		};
/* End PBXTargetDependency section */

/* Begin XCBuildConfiguration section */
		6A9754B22CD0A6DB0046193F /* Debug */ = {
			isa = XCBuildConfiguration;
			buildSettings = {
				ALWAYS_SEARCH_USER_PATHS = NO;
				ASSETCATALOG_COMPILER_GENERATE_SWIFT_ASSET_SYMBOL_EXTENSIONS = YES;
				CLANG_ANALYZER_NONNULL = YES;
				CLANG_ANALYZER_NUMBER_OBJECT_CONVERSION = YES_AGGRESSIVE;
				CLANG_CXX_LANGUAGE_STANDARD = "gnu++20";
				CLANG_ENABLE_MODULES = YES;
				CLANG_ENABLE_OBJC_ARC = YES;
				CLANG_ENABLE_OBJC_WEAK = YES;
				CLANG_WARN_BLOCK_CAPTURE_AUTORELEASING = YES;
				CLANG_WARN_BOOL_CONVERSION = YES;
				CLANG_WARN_COMMA = YES;
				CLANG_WARN_CONSTANT_CONVERSION = YES;
				CLANG_WARN_DEPRECATED_OBJC_IMPLEMENTATIONS = YES;
				CLANG_WARN_DIRECT_OBJC_ISA_USAGE = YES_ERROR;
				CLANG_WARN_DOCUMENTATION_COMMENTS = YES;
				CLANG_WARN_EMPTY_BODY = YES;
				CLANG_WARN_ENUM_CONVERSION = YES;
				CLANG_WARN_INFINITE_RECURSION = YES;
				CLANG_WARN_INT_CONVERSION = YES;
				CLANG_WARN_NON_LITERAL_NULL_CONVERSION = YES;
				CLANG_WARN_OBJC_IMPLICIT_RETAIN_SELF = YES;
				CLANG_WARN_OBJC_LITERAL_CONVERSION = YES;
				CLANG_WARN_OBJC_ROOT_CLASS = YES_ERROR;
				CLANG_WARN_QUOTED_INCLUDE_IN_FRAMEWORK_HEADER = YES;
				CLANG_WARN_RANGE_LOOP_ANALYSIS = YES;
				CLANG_WARN_STRICT_PROTOTYPES = YES;
				CLANG_WARN_SUSPICIOUS_MOVE = YES;
				CLANG_WARN_UNGUARDED_AVAILABILITY = YES_AGGRESSIVE;
				CLANG_WARN_UNREACHABLE_CODE = YES;
				CLANG_WARN__DUPLICATE_METHOD_MATCH = YES;
				COPY_PHASE_STRIP = NO;
				DEBUG_INFORMATION_FORMAT = dwarf;
				ENABLE_STRICT_OBJC_MSGSEND = YES;
				ENABLE_TESTABILITY = YES;
				ENABLE_USER_SCRIPT_SANDBOXING = YES;
				GCC_C_LANGUAGE_STANDARD = gnu17;
				GCC_DYNAMIC_NO_PIC = NO;
				GCC_NO_COMMON_BLOCKS = YES;
				GCC_OPTIMIZATION_LEVEL = 0;
				GCC_PREPROCESSOR_DEFINITIONS = (
					"DEBUG=1",
					"$(inherited)",
				);
				GCC_WARN_64_TO_32_BIT_CONVERSION = YES;
				GCC_WARN_ABOUT_RETURN_TYPE = YES_ERROR;
				GCC_WARN_UNDECLARED_SELECTOR = YES;
				GCC_WARN_UNINITIALIZED_AUTOS = YES_AGGRESSIVE;
				GCC_WARN_UNUSED_FUNCTION = YES;
				GCC_WARN_UNUSED_VARIABLE = YES;
				IPHONEOS_DEPLOYMENT_TARGET = 17.0;
				LOCALIZATION_PREFERS_STRING_CATALOGS = YES;
				MTL_ENABLE_DEBUG_INFO = INCLUDE_SOURCE;
				MTL_FAST_MATH = YES;
				ONLY_ACTIVE_ARCH = YES;
				SDKROOT = iphoneos;
				SWIFT_ACTIVE_COMPILATION_CONDITIONS = "DEBUG $(inherited)";
				SWIFT_OPTIMIZATION_LEVEL = "-Onone";
			};
			name = Debug;
		};
		6A9754B32CD0A6DB0046193F /* Release */ = {
			isa = XCBuildConfiguration;
			buildSettings = {
				ALWAYS_SEARCH_USER_PATHS = NO;
				ASSETCATALOG_COMPILER_GENERATE_SWIFT_ASSET_SYMBOL_EXTENSIONS = YES;
				CLANG_ANALYZER_NONNULL = YES;
				CLANG_ANALYZER_NUMBER_OBJECT_CONVERSION = YES_AGGRESSIVE;
				CLANG_CXX_LANGUAGE_STANDARD = "gnu++20";
				CLANG_ENABLE_MODULES = YES;
				CLANG_ENABLE_OBJC_ARC = YES;
				CLANG_ENABLE_OBJC_WEAK = YES;
				CLANG_WARN_BLOCK_CAPTURE_AUTORELEASING = YES;
				CLANG_WARN_BOOL_CONVERSION = YES;
				CLANG_WARN_COMMA = YES;
				CLANG_WARN_CONSTANT_CONVERSION = YES;
				CLANG_WARN_DEPRECATED_OBJC_IMPLEMENTATIONS = YES;
				CLANG_WARN_DIRECT_OBJC_ISA_USAGE = YES_ERROR;
				CLANG_WARN_DOCUMENTATION_COMMENTS = YES;
				CLANG_WARN_EMPTY_BODY = YES;
				CLANG_WARN_ENUM_CONVERSION = YES;
				CLANG_WARN_INFINITE_RECURSION = YES;
				CLANG_WARN_INT_CONVERSION = YES;
				CLANG_WARN_NON_LITERAL_NULL_CONVERSION = YES;
				CLANG_WARN_OBJC_IMPLICIT_RETAIN_SELF = YES;
				CLANG_WARN_OBJC_LITERAL_CONVERSION = YES;
				CLANG_WARN_OBJC_ROOT_CLASS = YES_ERROR;
				CLANG_WARN_QUOTED_INCLUDE_IN_FRAMEWORK_HEADER = YES;
				CLANG_WARN_RANGE_LOOP_ANALYSIS = YES;
				CLANG_WARN_STRICT_PROTOTYPES = YES;
				CLANG_WARN_SUSPICIOUS_MOVE = YES;
				CLANG_WARN_UNGUARDED_AVAILABILITY = YES_AGGRESSIVE;
				CLANG_WARN_UNREACHABLE_CODE = YES;
				CLANG_WARN__DUPLICATE_METHOD_MATCH = YES;
				COPY_PHASE_STRIP = NO;
				DEBUG_INFORMATION_FORMAT = "dwarf-with-dsym";
				ENABLE_NS_ASSERTIONS = NO;
				ENABLE_STRICT_OBJC_MSGSEND = YES;
				ENABLE_USER_SCRIPT_SANDBOXING = YES;
				GCC_C_LANGUAGE_STANDARD = gnu17;
				GCC_NO_COMMON_BLOCKS = YES;
				GCC_WARN_64_TO_32_BIT_CONVERSION = YES;
				GCC_WARN_ABOUT_RETURN_TYPE = YES_ERROR;
				GCC_WARN_UNDECLARED_SELECTOR = YES;
				GCC_WARN_UNINITIALIZED_AUTOS = YES_AGGRESSIVE;
				GCC_WARN_UNUSED_FUNCTION = YES;
				GCC_WARN_UNUSED_VARIABLE = YES;
				IPHONEOS_DEPLOYMENT_TARGET = 17.0;
				LOCALIZATION_PREFERS_STRING_CATALOGS = YES;
				MTL_ENABLE_DEBUG_INFO = NO;
				MTL_FAST_MATH = YES;
				SDKROOT = iphoneos;
				SWIFT_COMPILATION_MODE = wholemodule;
				VALIDATE_PRODUCT = YES;
			};
			name = Release;
		};
		6A9754B52CD0A6DB0046193F /* Debug */ = {
			isa = XCBuildConfiguration;
			buildSettings = {
				ASSETCATALOG_COMPILER_APPICON_NAME = AppIcon;
				ASSETCATALOG_COMPILER_GLOBAL_ACCENT_COLOR_NAME = AccentColor;
				CODE_SIGN_STYLE = Automatic;
				CURRENT_PROJECT_VERSION = 1;
				DEVELOPMENT_ASSET_PATHS = "\"BaseSwiftUI/Preview Content\"";
				DEVELOPMENT_TEAM = B2MT77K6BN;
				ENABLE_PREVIEWS = YES;
				GENERATE_INFOPLIST_FILE = YES;
				INFOPLIST_KEY_UIApplicationSceneManifest_Generation = YES;
				INFOPLIST_KEY_UIApplicationSupportsIndirectInputEvents = YES;
				INFOPLIST_KEY_UILaunchScreen_Generation = YES;
				INFOPLIST_KEY_UISupportedInterfaceOrientations_iPad = "UIInterfaceOrientationPortrait UIInterfaceOrientationPortraitUpsideDown UIInterfaceOrientationLandscapeLeft UIInterfaceOrientationLandscapeRight";
				INFOPLIST_KEY_UISupportedInterfaceOrientations_iPhone = "UIInterfaceOrientationPortrait UIInterfaceOrientationLandscapeLeft UIInterfaceOrientationLandscapeRight";
				LD_RUNPATH_SEARCH_PATHS = (
					"$(inherited)",
					"@executable_path/Frameworks",
				);
				MARKETING_VERSION = 1.0;
				PRODUCT_BUNDLE_IDENTIFIER = com.touchalife.TALBloodAid.BaseSwiftUI;
				PRODUCT_NAME = "$(TARGET_NAME)";
				SWIFT_EMIT_LOC_STRINGS = YES;
				SWIFT_VERSION = 5.0;
				TARGETED_DEVICE_FAMILY = "1,2";
			};
			name = Debug;
		};
		6A9754B62CD0A6DB0046193F /* Release */ = {
			isa = XCBuildConfiguration;
			buildSettings = {
				ASSETCATALOG_COMPILER_APPICON_NAME = AppIcon;
				ASSETCATALOG_COMPILER_GLOBAL_ACCENT_COLOR_NAME = AccentColor;
				CODE_SIGN_STYLE = Automatic;
				CURRENT_PROJECT_VERSION = 1;
				DEVELOPMENT_ASSET_PATHS = "\"BaseSwiftUI/Preview Content\"";
				DEVELOPMENT_TEAM = B2MT77K6BN;
				ENABLE_PREVIEWS = YES;
				GENERATE_INFOPLIST_FILE = YES;
				INFOPLIST_KEY_UIApplicationSceneManifest_Generation = YES;
				INFOPLIST_KEY_UIApplicationSupportsIndirectInputEvents = YES;
				INFOPLIST_KEY_UILaunchScreen_Generation = YES;
				INFOPLIST_KEY_UISupportedInterfaceOrientations_iPad = "UIInterfaceOrientationPortrait UIInterfaceOrientationPortraitUpsideDown UIInterfaceOrientationLandscapeLeft UIInterfaceOrientationLandscapeRight";
				INFOPLIST_KEY_UISupportedInterfaceOrientations_iPhone = "UIInterfaceOrientationPortrait UIInterfaceOrientationLandscapeLeft UIInterfaceOrientationLandscapeRight";
				LD_RUNPATH_SEARCH_PATHS = (
					"$(inherited)",
					"@executable_path/Frameworks",
				);
				MARKETING_VERSION = 1.0;
				PRODUCT_BUNDLE_IDENTIFIER = com.touchalife.TALBloodAid.BaseSwiftUI;
				PRODUCT_NAME = "$(TARGET_NAME)";
				SWIFT_EMIT_LOC_STRINGS = YES;
				SWIFT_VERSION = 5.0;
				TARGETED_DEVICE_FAMILY = "1,2";
			};
			name = Release;
		};
		6A9754B82CD0A6DB0046193F /* Debug */ = {
			isa = XCBuildConfiguration;
			buildSettings = {
				ALWAYS_EMBED_SWIFT_STANDARD_LIBRARIES = YES;
				BUNDLE_LOADER = "$(TEST_HOST)";
				CODE_SIGN_STYLE = Automatic;
				CURRENT_PROJECT_VERSION = 1;
				DEVELOPMENT_TEAM = B2MT77K6BN;
				GENERATE_INFOPLIST_FILE = YES;
				IPHONEOS_DEPLOYMENT_TARGET = 17.0;
				MARKETING_VERSION = 1.0;
				PRODUCT_BUNDLE_IDENTIFIER = com.touchalife.TALBloodAid.BaseSwiftUITests;
				PRODUCT_NAME = "$(TARGET_NAME)";
				SWIFT_EMIT_LOC_STRINGS = NO;
				SWIFT_VERSION = 5.0;
				TARGETED_DEVICE_FAMILY = "1,2";
				TEST_HOST = "$(BUILT_PRODUCTS_DIR)/BaseSwiftUI.app/$(BUNDLE_EXECUTABLE_FOLDER_PATH)/BaseSwiftUI";
			};
			name = Debug;
		};
		6A9754B92CD0A6DB0046193F /* Release */ = {
			isa = XCBuildConfiguration;
			buildSettings = {
				ALWAYS_EMBED_SWIFT_STANDARD_LIBRARIES = YES;
				BUNDLE_LOADER = "$(TEST_HOST)";
				CODE_SIGN_STYLE = Automatic;
				CURRENT_PROJECT_VERSION = 1;
				DEVELOPMENT_TEAM = B2MT77K6BN;
				GENERATE_INFOPLIST_FILE = YES;
				IPHONEOS_DEPLOYMENT_TARGET = 17.0;
				MARKETING_VERSION = 1.0;
				PRODUCT_BUNDLE_IDENTIFIER = com.touchalife.TALBloodAid.BaseSwiftUITests;
				PRODUCT_NAME = "$(TARGET_NAME)";
				SWIFT_EMIT_LOC_STRINGS = NO;
				SWIFT_VERSION = 5.0;
				TARGETED_DEVICE_FAMILY = "1,2";
				TEST_HOST = "$(BUILT_PRODUCTS_DIR)/BaseSwiftUI.app/$(BUNDLE_EXECUTABLE_FOLDER_PATH)/BaseSwiftUI";
			};
			name = Release;
		};
		6A9754BB2CD0A6DB0046193F /* Debug */ = {
			isa = XCBuildConfiguration;
			buildSettings = {
				ALWAYS_EMBED_SWIFT_STANDARD_LIBRARIES = YES;
				CODE_SIGN_STYLE = Automatic;
				CURRENT_PROJECT_VERSION = 1;
				DEVELOPMENT_TEAM = B2MT77K6BN;
				GENERATE_INFOPLIST_FILE = YES;
				MARKETING_VERSION = 1.0;
				PRODUCT_BUNDLE_IDENTIFIER = com.touchalife.TALBloodAid.BaseSwiftUIUITests;
				PRODUCT_NAME = "$(TARGET_NAME)";
				SWIFT_EMIT_LOC_STRINGS = NO;
				SWIFT_VERSION = 5.0;
				TARGETED_DEVICE_FAMILY = "1,2";
				TEST_TARGET_NAME = BaseSwiftUI;
			};
			name = Debug;
		};
		6A9754BC2CD0A6DB0046193F /* Release */ = {
			isa = XCBuildConfiguration;
			buildSettings = {
				ALWAYS_EMBED_SWIFT_STANDARD_LIBRARIES = YES;
				CODE_SIGN_STYLE = Automatic;
				CURRENT_PROJECT_VERSION = 1;
				DEVELOPMENT_TEAM = B2MT77K6BN;
				GENERATE_INFOPLIST_FILE = YES;
				MARKETING_VERSION = 1.0;
				PRODUCT_BUNDLE_IDENTIFIER = com.touchalife.TALBloodAid.BaseSwiftUIUITests;
				PRODUCT_NAME = "$(TARGET_NAME)";
				SWIFT_EMIT_LOC_STRINGS = NO;
				SWIFT_VERSION = 5.0;
				TARGETED_DEVICE_FAMILY = "1,2";
				TEST_TARGET_NAME = BaseSwiftUI;
			};
			name = Release;
		};
/* End XCBuildConfiguration section */

/* Begin XCConfigurationList section */
		6A97548B2CD0A6DA0046193F /* Build configuration list for PBXProject "BaseSwiftUI" */ = {
			isa = XCConfigurationList;
			buildConfigurations = (
				6A9754B22CD0A6DB0046193F /* Debug */,
				6A9754B32CD0A6DB0046193F /* Release */,
			);
			defaultConfigurationIsVisible = 0;
			defaultConfigurationName = Release;
		};
		6A9754B42CD0A6DB0046193F /* Build configuration list for PBXNativeTarget "BaseSwiftUI" */ = {
			isa = XCConfigurationList;
			buildConfigurations = (
				6A9754B52CD0A6DB0046193F /* Debug */,
				6A9754B62CD0A6DB0046193F /* Release */,
			);
			defaultConfigurationIsVisible = 0;
			defaultConfigurationName = Release;
		};
		6A9754B72CD0A6DB0046193F /* Build configuration list for PBXNativeTarget "BaseSwiftUITests" */ = {
			isa = XCConfigurationList;
			buildConfigurations = (
				6A9754B82CD0A6DB0046193F /* Debug */,
				6A9754B92CD0A6DB0046193F /* Release */,
			);
			defaultConfigurationIsVisible = 0;
			defaultConfigurationName = Release;
		};
		6A9754BA2CD0A6DB0046193F /* Build configuration list for PBXNativeTarget "BaseSwiftUIUITests" */ = {
			isa = XCConfigurationList;
			buildConfigurations = (
				6A9754BB2CD0A6DB0046193F /* Debug */,
				6A9754BC2CD0A6DB0046193F /* Release */,
			);
			defaultConfigurationIsVisible = 0;
			defaultConfigurationName = Release;
		};
/* End XCConfigurationList section */
	};
	rootObject = 6A9754882CD0A6DA0046193F /* Project object */;
}
